// !$*UTF8*$!
{
	archiveVersion = 1;
	classes = {
	};
	objectVersion = 56;
	objects = {

/* Begin PBXBuildFile section */
		59CA7D1D2E5601F500021AF8 /* AppDelegate.swift in Sources */ = {isa = PBXBuildFile; fileRef = 59CA7D1C2E5601F500021AF8 /* AppDelegate.swift */; };
		59CA7D1F2E5601F500021AF8 /* SceneDelegate.swift in Sources */ = {isa = PBXBuildFile; fileRef = 59CA7D1E2E5601F500021AF8 /* SceneDelegate.swift */; };
		59CA7D242E5601F500021AF8 /* Base in Resources */ = {isa = PBXBuildFile; fileRef = 59CA7D232E5601F500021AF8 /* Base */; };
		59CA7D272E5601F500021AF8 /* ToDoList.xcdatamodeld in Sources */ = {isa = PBXBuildFile; fileRef = 59CA7D252E5601F500021AF8 /* ToDoList.xcdatamodeld */; };
		59CA7D292E5601F800021AF8 /* Assets.xcassets in Resources */ = {isa = PBXBuildFile; fileRef = 59CA7D282E5601F800021AF8 /* Assets.xcassets */; };
		59CA7D2C2E5601F800021AF8 /* Base in Resources */ = {isa = PBXBuildFile; fileRef = 59CA7D2B2E5601F800021AF8 /* Base */; };
		59CA7D372E5601F800021AF8 /* ToDoListTests.swift in Sources */ = {isa = PBXBuildFile; fileRef = 59CA7D362E5601F800021AF8 /* ToDoListTests.swift */; };
		59CA7D6E2E56078400021AF8 /* PlaceholderTextView.swift in Sources */ = {isa = PBXBuildFile; fileRef = 59CA7D4F2E56078400021AF8 /* PlaceholderTextView.swift */; };
		59CA7D6F2E56078400021AF8 /* UIViewController+extension.swift in Sources */ = {isa = PBXBuildFile; fileRef = 59CA7D502E56078400021AF8 /* UIViewController+extension.swift */; };
		59CA7D702E56078400021AF8 /* SF-Pro-Display-Black.otf in Resources */ = {isa = PBXBuildFile; fileRef = 59CA7D522E56078400021AF8 /* SF-Pro-Display-Black.otf */; };
		59CA7D712E56078400021AF8 /* SF-Pro-Display-Bold.otf in Resources */ = {isa = PBXBuildFile; fileRef = 59CA7D532E56078400021AF8 /* SF-Pro-Display-Bold.otf */; };
		59CA7D722E56078400021AF8 /* SF-Pro-Display-Heavy.otf in Resources */ = {isa = PBXBuildFile; fileRef = 59CA7D542E56078400021AF8 /* SF-Pro-Display-Heavy.otf */; };
		59CA7D732E56078400021AF8 /* SF-Pro-Display-Light.otf in Resources */ = {isa = PBXBuildFile; fileRef = 59CA7D552E56078400021AF8 /* SF-Pro-Display-Light.otf */; };
		59CA7D742E56078400021AF8 /* SF-Pro-Display-Medium.otf in Resources */ = {isa = PBXBuildFile; fileRef = 59CA7D562E56078400021AF8 /* SF-Pro-Display-Medium.otf */; };
		59CA7D752E56078400021AF8 /* SF-Pro-Display-Regular.otf in Resources */ = {isa = PBXBuildFile; fileRef = 59CA7D572E56078400021AF8 /* SF-Pro-Display-Regular.otf */; };
		59CA7D762E56078400021AF8 /* SF-Pro-Display-Semibold.otf in Resources */ = {isa = PBXBuildFile; fileRef = 59CA7D582E56078400021AF8 /* SF-Pro-Display-Semibold.otf */; };
		59CA7D772E56078400021AF8 /* SF-Pro-Display-Thin.otf in Resources */ = {isa = PBXBuildFile; fileRef = 59CA7D592E56078400021AF8 /* SF-Pro-Display-Thin.otf */; };
		59CA7D782E56078400021AF8 /* SF-Pro-Display-Ultralight.otf in Resources */ = {isa = PBXBuildFile; fileRef = 59CA7D5A2E56078400021AF8 /* SF-Pro-Display-Ultralight.otf */; };
		59CA7D792E56078400021AF8 /* ServerService.swift in Sources */ = {isa = PBXBuildFile; fileRef = 59CA7D5C2E56078400021AF8 /* ServerService.swift */; };
		59CA7D7A2E56078400021AF8 /* StorageService.swift in Sources */ = {isa = PBXBuildFile; fileRef = 59CA7D5D2E56078400021AF8 /* StorageService.swift */; };
		59CA7D7B2E56078400021AF8 /* MainViewControllerTableViewCell.swift in Sources */ = {isa = PBXBuildFile; fileRef = 59CA7D5F2E56078400021AF8 /* MainViewControllerTableViewCell.swift */; };
		59CA7D7C2E56078400021AF8 /* MainConfigurator.swift in Sources */ = {isa = PBXBuildFile; fileRef = 59CA7D612E56078400021AF8 /* MainConfigurator.swift */; };
		59CA7D7D2E56078400021AF8 /* MainEntity.swift in Sources */ = {isa = PBXBuildFile; fileRef = 59CA7D622E56078400021AF8 /* MainEntity.swift */; };
		59CA7D7E2E56078400021AF8 /* MainInteractor.swift in Sources */ = {isa = PBXBuildFile; fileRef = 59CA7D632E56078400021AF8 /* MainInteractor.swift */; };
		59CA7D7F2E56078400021AF8 /* MainPresenter.swift in Sources */ = {isa = PBXBuildFile; fileRef = 59CA7D642E56078400021AF8 /* MainPresenter.swift */; };
		59CA7D802E56078400021AF8 /* MainRouter.swift in Sources */ = {isa = PBXBuildFile; fileRef = 59CA7D652E56078400021AF8 /* MainRouter.swift */; };
		59CA7D812E56078400021AF8 /* MainViewController.swift in Sources */ = {isa = PBXBuildFile; fileRef = 59CA7D662E56078400021AF8 /* MainViewController.swift */; };
		59CA7D822E56078400021AF8 /* ToDoConfigurator.swift in Sources */ = {isa = PBXBuildFile; fileRef = 59CA7D682E56078400021AF8 /* ToDoConfigurator.swift */; };
		59CA7D832E56078400021AF8 /* ToDoInteractor.swift in Sources */ = {isa = PBXBuildFile; fileRef = 59CA7D692E56078400021AF8 /* ToDoInteractor.swift */; };
		59CA7D842E56078400021AF8 /* ToDoPresenter.swift in Sources */ = {isa = PBXBuildFile; fileRef = 59CA7D6A2E56078400021AF8 /* ToDoPresenter.swift */; };
		59CA7D852E56078400021AF8 /* ToDoRouter.swift in Sources */ = {isa = PBXBuildFile; fileRef = 59CA7D6B2E56078400021AF8 /* ToDoRouter.swift */; };
		59CA7D862E56078400021AF8 /* ToDoViewController.swift in Sources */ = {isa = PBXBuildFile; fileRef = 59CA7D6C2E56078400021AF8 /* ToDoViewController.swift */; };
/* End PBXBuildFile section */

/* Begin PBXContainerItemProxy section */
		59CA7D332E5601F800021AF8 /* PBXContainerItemProxy */ = {
			isa = PBXContainerItemProxy;
			containerPortal = 59CA7D112E5601F500021AF8 /* Project object */;
			proxyType = 1;
			remoteGlobalIDString = 59CA7D182E5601F500021AF8;
			remoteInfo = ToDoList;
		};
/* End PBXContainerItemProxy section */

/* Begin PBXFileReference section */
		59CA7D192E5601F500021AF8 /* ToDoList.app */ = {isa = PBXFileReference; explicitFileType = wrapper.application; includeInIndex = 0; path = ToDoList.app; sourceTree = BUILT_PRODUCTS_DIR; };
		59CA7D1C2E5601F500021AF8 /* AppDelegate.swift */ = {isa = PBXFileReference; lastKnownFileType = sourcecode.swift; path = AppDelegate.swift; sourceTree = "<group>"; };
		59CA7D1E2E5601F500021AF8 /* SceneDelegate.swift */ = {isa = PBXFileReference; lastKnownFileType = sourcecode.swift; path = SceneDelegate.swift; sourceTree = "<group>"; };
		59CA7D232E5601F500021AF8 /* Base */ = {isa = PBXFileReference; lastKnownFileType = file.storyboard; name = Base; path = Base.lproj/Main.storyboard; sourceTree = "<group>"; };
		59CA7D262E5601F500021AF8 /* ToDoList.xcdatamodel */ = {isa = PBXFileReference; lastKnownFileType = wrapper.xcdatamodel; path = ToDoList.xcdatamodel; sourceTree = "<group>"; };
		59CA7D282E5601F800021AF8 /* Assets.xcassets */ = {isa = PBXFileReference; lastKnownFileType = folder.assetcatalog; path = Assets.xcassets; sourceTree = "<group>"; };
		59CA7D2B2E5601F800021AF8 /* Base */ = {isa = PBXFileReference; lastKnownFileType = file.storyboard; name = Base; path = Base.lproj/LaunchScreen.storyboard; sourceTree = "<group>"; };
		59CA7D2D2E5601F800021AF8 /* Info.plist */ = {isa = PBXFileReference; lastKnownFileType = text.plist.xml; path = Info.plist; sourceTree = "<group>"; };
		59CA7D322E5601F800021AF8 /* ToDoListTests.xctest */ = {isa = PBXFileReference; explicitFileType = wrapper.cfbundle; includeInIndex = 0; path = ToDoListTests.xctest; sourceTree = BUILT_PRODUCTS_DIR; };
		59CA7D362E5601F800021AF8 /* ToDoListTests.swift */ = {isa = PBXFileReference; lastKnownFileType = sourcecode.swift; path = ToDoListTests.swift; sourceTree = "<group>"; };
		59CA7D4F2E56078400021AF8 /* PlaceholderTextView.swift */ = {isa = PBXFileReference; fileEncoding = 4; lastKnownFileType = sourcecode.swift; path = PlaceholderTextView.swift; sourceTree = "<group>"; };
		59CA7D502E56078400021AF8 /* UIViewController+extension.swift */ = {isa = PBXFileReference; fileEncoding = 4; lastKnownFileType = sourcecode.swift; path = "UIViewController+extension.swift"; sourceTree = "<group>"; };
		59CA7D522E56078400021AF8 /* SF-Pro-Display-Black.otf */ = {isa = PBXFileReference; lastKnownFileType = file; path = "SF-Pro-Display-Black.otf"; sourceTree = "<group>"; };
		59CA7D532E56078400021AF8 /* SF-Pro-Display-Bold.otf */ = {isa = PBXFileReference; lastKnownFileType = file; path = "SF-Pro-Display-Bold.otf"; sourceTree = "<group>"; };
		59CA7D542E56078400021AF8 /* SF-Pro-Display-Heavy.otf */ = {isa = PBXFileReference; lastKnownFileType = file; path = "SF-Pro-Display-Heavy.otf"; sourceTree = "<group>"; };
		59CA7D552E56078400021AF8 /* SF-Pro-Display-Light.otf */ = {isa = PBXFileReference; lastKnownFileType = file; path = "SF-Pro-Display-Light.otf"; sourceTree = "<group>"; };
		59CA7D562E56078400021AF8 /* SF-Pro-Display-Medium.otf */ = {isa = PBXFileReference; lastKnownFileType = file; path = "SF-Pro-Display-Medium.otf"; sourceTree = "<group>"; };
		59CA7D572E56078400021AF8 /* SF-Pro-Display-Regular.otf */ = {isa = PBXFileReference; lastKnownFileType = file; path = "SF-Pro-Display-Regular.otf"; sourceTree = "<group>"; };
		59CA7D582E56078400021AF8 /* SF-Pro-Display-Semibold.otf */ = {isa = PBXFileReference; lastKnownFileType = file; path = "SF-Pro-Display-Semibold.otf"; sourceTree = "<group>"; };
		59CA7D592E56078400021AF8 /* SF-Pro-Display-Thin.otf */ = {isa = PBXFileReference; lastKnownFileType = file; path = "SF-Pro-Display-Thin.otf"; sourceTree = "<group>"; };
		59CA7D5A2E56078400021AF8 /* SF-Pro-Display-Ultralight.otf */ = {isa = PBXFileReference; lastKnownFileType = file; path = "SF-Pro-Display-Ultralight.otf"; sourceTree = "<group>"; };
		59CA7D5C2E56078400021AF8 /* ServerService.swift */ = {isa = PBXFileReference; fileEncoding = 4; lastKnownFileType = sourcecode.swift; path = ServerService.swift; sourceTree = "<group>"; };
		59CA7D5D2E56078400021AF8 /* StorageService.swift */ = {isa = PBXFileReference; fileEncoding = 4; lastKnownFileType = sourcecode.swift; path = StorageService.swift; sourceTree = "<group>"; };
		59CA7D5F2E56078400021AF8 /* MainViewControllerTableViewCell.swift */ = {isa = PBXFileReference; fileEncoding = 4; lastKnownFileType = sourcecode.swift; path = MainViewControllerTableViewCell.swift; sourceTree = "<group>"; };
		59CA7D612E56078400021AF8 /* MainConfigurator.swift */ = {isa = PBXFileReference; fileEncoding = 4; lastKnownFileType = sourcecode.swift; path = MainConfigurator.swift; sourceTree = "<group>"; };
		59CA7D622E56078400021AF8 /* MainEntity.swift */ = {isa = PBXFileReference; fileEncoding = 4; lastKnownFileType = sourcecode.swift; path = MainEntity.swift; sourceTree = "<group>"; };
		59CA7D632E56078400021AF8 /* MainInteractor.swift */ = {isa = PBXFileReference; fileEncoding = 4; lastKnownFileType = sourcecode.swift; path = MainInteractor.swift; sourceTree = "<group>"; };
		59CA7D642E56078400021AF8 /* MainPresenter.swift */ = {isa = PBXFileReference; fileEncoding = 4; lastKnownFileType = sourcecode.swift; path = MainPresenter.swift; sourceTree = "<group>"; };
		59CA7D652E56078400021AF8 /* MainRouter.swift */ = {isa = PBXFileReference; fileEncoding = 4; lastKnownFileType = sourcecode.swift; path = MainRouter.swift; sourceTree = "<group>"; };
		59CA7D662E56078400021AF8 /* MainViewController.swift */ = {isa = PBXFileReference; fileEncoding = 4; lastKnownFileType = sourcecode.swift; path = MainViewController.swift; sourceTree = "<group>"; };
		59CA7D682E56078400021AF8 /* ToDoConfigurator.swift */ = {isa = PBXFileReference; fileEncoding = 4; lastKnownFileType = sourcecode.swift; path = ToDoConfigurator.swift; sourceTree = "<group>"; };
		59CA7D692E56078400021AF8 /* ToDoInteractor.swift */ = {isa = PBXFileReference; fileEncoding = 4; lastKnownFileType = sourcecode.swift; path = ToDoInteractor.swift; sourceTree = "<group>"; };
		59CA7D6A2E56078400021AF8 /* ToDoPresenter.swift */ = {isa = PBXFileReference; fileEncoding = 4; lastKnownFileType = sourcecode.swift; path = ToDoPresenter.swift; sourceTree = "<group>"; };
		59CA7D6B2E56078400021AF8 /* ToDoRouter.swift */ = {isa = PBXFileReference; fileEncoding = 4; lastKnownFileType = sourcecode.swift; path = ToDoRouter.swift; sourceTree = "<group>"; };
		59CA7D6C2E56078400021AF8 /* ToDoViewController.swift */ = {isa = PBXFileReference; fileEncoding = 4; lastKnownFileType = sourcecode.swift; path = ToDoViewController.swift; sourceTree = "<group>"; };
/* End PBXFileReference section */

/* Begin PBXFrameworksBuildPhase section */
		59CA7D162E5601F500021AF8 /* Frameworks */ = {
			isa = PBXFrameworksBuildPhase;
			buildActionMask = 2147483647;
			files = (
			);
			runOnlyForDeploymentPostprocessing = 0;
		};
		59CA7D2F2E5601F800021AF8 /* Frameworks */ = {
			isa = PBXFrameworksBuildPhase;
			buildActionMask = 2147483647;
			files = (
			);
			runOnlyForDeploymentPostprocessing = 0;
		};
/* End PBXFrameworksBuildPhase section */

/* Begin PBXGroup section */
		59CA7D102E5601F500021AF8 = {
			isa = PBXGroup;
			children = (
				59CA7D1B2E5601F500021AF8 /* ToDoList */,
				59CA7D352E5601F800021AF8 /* ToDoListTests */,
				59CA7D1A2E5601F500021AF8 /* Products */,
			);
			sourceTree = "<group>";
		};
		59CA7D1A2E5601F500021AF8 /* Products */ = {
			isa = PBXGroup;
			children = (
				59CA7D192E5601F500021AF8 /* ToDoList.app */,
				59CA7D322E5601F800021AF8 /* ToDoListTests.xctest */,
			);
			name = Products;
			sourceTree = "<group>";
		};
		59CA7D1B2E5601F500021AF8 /* ToDoList */ = {
			isa = PBXGroup;
			children = (
				59CA7D1C2E5601F500021AF8 /* AppDelegate.swift */,
				59CA7D1E2E5601F500021AF8 /* SceneDelegate.swift */,
				59CA7D512E56078400021AF8 /* Common */,
				59CA7D5E2E56078400021AF8 /* Services */,
				59CA7D672E56078400021AF8 /* Main */,
				59CA7D6D2E56078400021AF8 /* ToDo */,
				59CA7D222E5601F500021AF8 /* Main.storyboard */,
				59CA7D282E5601F800021AF8 /* Assets.xcassets */,
				59CA7D5B2E56078400021AF8 /* Fonts */,
				59CA7D2A2E5601F800021AF8 /* LaunchScreen.storyboard */,
				59CA7D2D2E5601F800021AF8 /* Info.plist */,
				59CA7D252E5601F500021AF8 /* ToDoList.xcdatamodeld */,
			);
			path = ToDoList;
			sourceTree = "<group>";
		};
		59CA7D352E5601F800021AF8 /* ToDoListTests */ = {
			isa = PBXGroup;
			children = (
				59CA7D362E5601F800021AF8 /* ToDoListTests.swift */,
			);
			path = ToDoListTests;
			sourceTree = "<group>";
		};
		59CA7D512E56078400021AF8 /* Common */ = {
			isa = PBXGroup;
			children = (
				59CA7D4F2E56078400021AF8 /* PlaceholderTextView.swift */,
				59CA7D502E56078400021AF8 /* UIViewController+extension.swift */,
			);
			path = Common;
			sourceTree = "<group>";
		};
		59CA7D5B2E56078400021AF8 /* Fonts */ = {
			isa = PBXGroup;
			children = (
				59CA7D522E56078400021AF8 /* SF-Pro-Display-Black.otf */,
				59CA7D532E56078400021AF8 /* SF-Pro-Display-Bold.otf */,
				59CA7D542E56078400021AF8 /* SF-Pro-Display-Heavy.otf */,
				59CA7D552E56078400021AF8 /* SF-Pro-Display-Light.otf */,
				59CA7D562E56078400021AF8 /* SF-Pro-Display-Medium.otf */,
				59CA7D572E56078400021AF8 /* SF-Pro-Display-Regular.otf */,
				59CA7D582E56078400021AF8 /* SF-Pro-Display-Semibold.otf */,
				59CA7D592E56078400021AF8 /* SF-Pro-Display-Thin.otf */,
				59CA7D5A2E56078400021AF8 /* SF-Pro-Display-Ultralight.otf */,
			);
			path = Fonts;
			sourceTree = "<group>";
		};
		59CA7D5E2E56078400021AF8 /* Services */ = {
			isa = PBXGroup;
			children = (
				59CA7D5C2E56078400021AF8 /* ServerService.swift */,
				59CA7D5D2E56078400021AF8 /* StorageService.swift */,
			);
			path = Services;
			sourceTree = "<group>";
		};
		59CA7D602E56078400021AF8 /* Cell */ = {
			isa = PBXGroup;
			children = (
				59CA7D5F2E56078400021AF8 /* MainViewControllerTableViewCell.swift */,
			);
			path = Cell;
			sourceTree = "<group>";
		};
		59CA7D672E56078400021AF8 /* Main */ = {
			isa = PBXGroup;
			children = (
				59CA7D602E56078400021AF8 /* Cell */,
				59CA7D662E56078400021AF8 /* MainViewController.swift */,
				59CA7D642E56078400021AF8 /* MainPresenter.swift */,
				59CA7D632E56078400021AF8 /* MainInteractor.swift */,
				59CA7D652E56078400021AF8 /* MainRouter.swift */,
				59CA7D622E56078400021AF8 /* MainEntity.swift */,
				59CA7D612E56078400021AF8 /* MainConfigurator.swift */,
			);
			path = Main;
			sourceTree = "<group>";
		};
		59CA7D6D2E56078400021AF8 /* ToDo */ = {
			isa = PBXGroup;
			children = (
				59CA7D6C2E56078400021AF8 /* ToDoViewController.swift */,
				59CA7D6A2E56078400021AF8 /* ToDoPresenter.swift */,
				59CA7D692E56078400021AF8 /* ToDoInteractor.swift */,
				59CA7D6B2E56078400021AF8 /* ToDoRouter.swift */,
				59CA7D682E56078400021AF8 /* ToDoConfigurator.swift */,
			);
			path = ToDo;
			sourceTree = "<group>";
		};
/* End PBXGroup section */

/* Begin PBXNativeTarget section */
		59CA7D182E5601F500021AF8 /* ToDoList */ = {
			isa = PBXNativeTarget;
			buildConfigurationList = 59CA7D462E5601F800021AF8 /* Build configuration list for PBXNativeTarget "ToDoList" */;
			buildPhases = (
				59CA7D152E5601F500021AF8 /* Sources */,
				59CA7D162E5601F500021AF8 /* Frameworks */,
				59CA7D172E5601F500021AF8 /* Resources */,
			);
			buildRules = (
			);
			dependencies = (
			);
			name = ToDoList;
			productName = ToDoList;
			productReference = 59CA7D192E5601F500021AF8 /* ToDoList.app */;
			productType = "com.apple.product-type.application";
		};
		59CA7D312E5601F800021AF8 /* ToDoListTests */ = {
			isa = PBXNativeTarget;
			buildConfigurationList = 59CA7D492E5601F800021AF8 /* Build configuration list for PBXNativeTarget "ToDoListTests" */;
			buildPhases = (
				59CA7D2E2E5601F800021AF8 /* Sources */,
				59CA7D2F2E5601F800021AF8 /* Frameworks */,
				59CA7D302E5601F800021AF8 /* Resources */,
			);
			buildRules = (
			);
			dependencies = (
				59CA7D342E5601F800021AF8 /* PBXTargetDependency */,
			);
			name = ToDoListTests;
			productName = ToDoListTests;
			productReference = 59CA7D322E5601F800021AF8 /* ToDoListTests.xctest */;
			productType = "com.apple.product-type.bundle.unit-test";
		};
/* End PBXNativeTarget section */

/* Begin PBXProject section */
		59CA7D112E5601F500021AF8 /* Project object */ = {
			isa = PBXProject;
			attributes = {
				BuildIndependentTargetsInParallel = 1;
				LastSwiftUpdateCheck = 1540;
				LastUpgradeCheck = 1540;
				TargetAttributes = {
					59CA7D182E5601F500021AF8 = {
						CreatedOnToolsVersion = 15.4;
					};
					59CA7D312E5601F800021AF8 = {
						CreatedOnToolsVersion = 15.4;
						TestTargetID = 59CA7D182E5601F500021AF8;
					};
				};
			};
			buildConfigurationList = 59CA7D142E5601F500021AF8 /* Build configuration list for PBXProject "ToDoList" */;
			compatibilityVersion = "Xcode 14.0";
			developmentRegion = en;
			hasScannedForEncodings = 0;
			knownRegions = (
				en,
				Base,
			);
			mainGroup = 59CA7D102E5601F500021AF8;
			productRefGroup = 59CA7D1A2E5601F500021AF8 /* Products */;
			projectDirPath = "";
			projectRoot = "";
			targets = (
				59CA7D182E5601F500021AF8 /* ToDoList */,
				59CA7D312E5601F800021AF8 /* ToDoListTests */,
			);
		};
/* End PBXProject section */

/* Begin PBXResourcesBuildPhase section */
		59CA7D172E5601F500021AF8 /* Resources */ = {
			isa = PBXResourcesBuildPhase;
			buildActionMask = 2147483647;
			files = (
				59CA7D742E56078400021AF8 /* SF-Pro-Display-Medium.otf in Resources */,
				59CA7D772E56078400021AF8 /* SF-Pro-Display-Thin.otf in Resources */,
				59CA7D732E56078400021AF8 /* SF-Pro-Display-Light.otf in Resources */,
				59CA7D782E56078400021AF8 /* SF-Pro-Display-Ultralight.otf in Resources */,
				59CA7D762E56078400021AF8 /* SF-Pro-Display-Semibold.otf in Resources */,
				59CA7D292E5601F800021AF8 /* Assets.xcassets in Resources */,
				59CA7D712E56078400021AF8 /* SF-Pro-Display-Bold.otf in Resources */,
				59CA7D2C2E5601F800021AF8 /* Base in Resources */,
				59CA7D242E5601F500021AF8 /* Base in Resources */,
				59CA7D702E56078400021AF8 /* SF-Pro-Display-Black.otf in Resources */,
				59CA7D752E56078400021AF8 /* SF-Pro-Display-Regular.otf in Resources */,
				59CA7D722E56078400021AF8 /* SF-Pro-Display-Heavy.otf in Resources */,
			);
			runOnlyForDeploymentPostprocessing = 0;
		};
		59CA7D302E5601F800021AF8 /* Resources */ = {
			isa = PBXResourcesBuildPhase;
			buildActionMask = 2147483647;
			files = (
			);
			runOnlyForDeploymentPostprocessing = 0;
		};
/* End PBXResourcesBuildPhase section */

/* Begin PBXSourcesBuildPhase section */
		59CA7D152E5601F500021AF8 /* Sources */ = {
			isa = PBXSourcesBuildPhase;
			buildActionMask = 2147483647;
			files = (
				59CA7D832E56078400021AF8 /* ToDoInteractor.swift in Sources */,
				59CA7D1D2E5601F500021AF8 /* AppDelegate.swift in Sources */,
				59CA7D822E56078400021AF8 /* ToDoConfigurator.swift in Sources */,
				59CA7D1F2E5601F500021AF8 /* SceneDelegate.swift in Sources */,
				59CA7D7C2E56078400021AF8 /* MainConfigurator.swift in Sources */,
				59CA7D792E56078400021AF8 /* ServerService.swift in Sources */,
				59CA7D6F2E56078400021AF8 /* UIViewController+extension.swift in Sources */,
				59CA7D802E56078400021AF8 /* MainRouter.swift in Sources */,
				59CA7D272E5601F500021AF8 /* ToDoList.xcdatamodeld in Sources */,
				59CA7D812E56078400021AF8 /* MainViewController.swift in Sources */,
				59CA7D7E2E56078400021AF8 /* MainInteractor.swift in Sources */,
				59CA7D7F2E56078400021AF8 /* MainPresenter.swift in Sources */,
				59CA7D842E56078400021AF8 /* ToDoPresenter.swift in Sources */,
				59CA7D6E2E56078400021AF8 /* PlaceholderTextView.swift in Sources */,
				59CA7D852E56078400021AF8 /* ToDoRouter.swift in Sources */,
				59CA7D7A2E56078400021AF8 /* StorageService.swift in Sources */,
				59CA7D7B2E56078400021AF8 /* MainViewControllerTableViewCell.swift in Sources */,
				59CA7D7D2E56078400021AF8 /* MainEntity.swift in Sources */,
				59CA7D862E56078400021AF8 /* ToDoViewController.swift in Sources */,
			);
			runOnlyForDeploymentPostprocessing = 0;
		};
		59CA7D2E2E5601F800021AF8 /* Sources */ = {
			isa = PBXSourcesBuildPhase;
			buildActionMask = 2147483647;
			files = (
				59CA7D372E5601F800021AF8 /* ToDoListTests.swift in Sources */,
			);
			runOnlyForDeploymentPostprocessing = 0;
		};
/* End PBXSourcesBuildPhase section */

/* Begin PBXTargetDependency section */
		59CA7D342E5601F800021AF8 /* PBXTargetDependency */ = {
			isa = PBXTargetDependency;
			target = 59CA7D182E5601F500021AF8 /* ToDoList */;
			targetProxy = 59CA7D332E5601F800021AF8 /* PBXContainerItemProxy */;
		};
/* End PBXTargetDependency section */

/* Begin PBXVariantGroup section */
		59CA7D222E5601F500021AF8 /* Main.storyboard */ = {
			isa = PBXVariantGroup;
			children = (
				59CA7D232E5601F500021AF8 /* Base */,
			);
			name = Main.storyboard;
			sourceTree = "<group>";
		};
		59CA7D2A2E5601F800021AF8 /* LaunchScreen.storyboard */ = {
			isa = PBXVariantGroup;
			children = (
				59CA7D2B2E5601F800021AF8 /* Base */,
			);
			name = LaunchScreen.storyboard;
			sourceTree = "<group>";
		};
/* End PBXVariantGroup section */

/* Begin XCBuildConfiguration section */
		59CA7D442E5601F800021AF8 /* Debug */ = {
			isa = XCBuildConfiguration;
			buildSettings = {
				ALWAYS_SEARCH_USER_PATHS = NO;
				ASSETCATALOG_COMPILER_GENERATE_SWIFT_ASSET_SYMBOL_EXTENSIONS = YES;
				CLANG_ANALYZER_NONNULL = YES;
				CLANG_ANALYZER_NUMBER_OBJECT_CONVERSION = YES_AGGRESSIVE;
				CLANG_CXX_LANGUAGE_STANDARD = "gnu++20";
				CLANG_ENABLE_MODULES = YES;
				CLANG_ENABLE_OBJC_ARC = YES;
				CLANG_ENABLE_OBJC_WEAK = YES;
				CLANG_WARN_BLOCK_CAPTURE_AUTORELEASING = YES;
				CLANG_WARN_BOOL_CONVERSION = YES;
				CLANG_WARN_COMMA = YES;
				CLANG_WARN_CONSTANT_CONVERSION = YES;
				CLANG_WARN_DEPRECATED_OBJC_IMPLEMENTATIONS = YES;
				CLANG_WARN_DIRECT_OBJC_ISA_USAGE = YES_ERROR;
				CLANG_WARN_DOCUMENTATION_COMMENTS = YES;
				CLANG_WARN_EMPTY_BODY = YES;
				CLANG_WARN_ENUM_CONVERSION = YES;
				CLANG_WARN_INFINITE_RECURSION = YES;
				CLANG_WARN_INT_CONVERSION = YES;
				CLANG_WARN_NON_LITERAL_NULL_CONVERSION = YES;
				CLANG_WARN_OBJC_IMPLICIT_RETAIN_SELF = YES;
				CLANG_WARN_OBJC_LITERAL_CONVERSION = YES;
				CLANG_WARN_OBJC_ROOT_CLASS = YES_ERROR;
				CLANG_WARN_QUOTED_INCLUDE_IN_FRAMEWORK_HEADER = YES;
				CLANG_WARN_RANGE_LOOP_ANALYSIS = YES;
				CLANG_WARN_STRICT_PROTOTYPES = YES;
				CLANG_WARN_SUSPICIOUS_MOVE = YES;
				CLANG_WARN_UNGUARDED_AVAILABILITY = YES_AGGRESSIVE;
				CLANG_WARN_UNREACHABLE_CODE = YES;
				CLANG_WARN__DUPLICATE_METHOD_MATCH = YES;
				COPY_PHASE_STRIP = NO;
				DEBUG_INFORMATION_FORMAT = dwarf;
				ENABLE_STRICT_OBJC_MSGSEND = YES;
				ENABLE_TESTABILITY = YES;
				ENABLE_USER_SCRIPT_SANDBOXING = YES;
				GCC_C_LANGUAGE_STANDARD = gnu17;
				GCC_DYNAMIC_NO_PIC = NO;
				GCC_NO_COMMON_BLOCKS = YES;
				GCC_OPTIMIZATION_LEVEL = 0;
				GCC_PREPROCESSOR_DEFINITIONS = (
					"DEBUG=1",
					"$(inherited)",
				);
				GCC_WARN_64_TO_32_BIT_CONVERSION = YES;
				GCC_WARN_ABOUT_RETURN_TYPE = YES_ERROR;
				GCC_WARN_UNDECLARED_SELECTOR = YES;
				GCC_WARN_UNINITIALIZED_AUTOS = YES_AGGRESSIVE;
				GCC_WARN_UNUSED_FUNCTION = YES;
				GCC_WARN_UNUSED_VARIABLE = YES;
				IPHONEOS_DEPLOYMENT_TARGET = 17.5;
				LOCALIZATION_PREFERS_STRING_CATALOGS = YES;
				MTL_ENABLE_DEBUG_INFO = INCLUDE_SOURCE;
				MTL_FAST_MATH = YES;
				ONLY_ACTIVE_ARCH = YES;
				SDKROOT = iphoneos;
				SWIFT_ACTIVE_COMPILATION_CONDITIONS = "DEBUG $(inherited)";
				SWIFT_OPTIMIZATION_LEVEL = "-Onone";
			};
			name = Debug;
		};
		59CA7D452E5601F800021AF8 /* Release */ = {
			isa = XCBuildConfiguration;
			buildSettings = {
				ALWAYS_SEARCH_USER_PATHS = NO;
				ASSETCATALOG_COMPILER_GENERATE_SWIFT_ASSET_SYMBOL_EXTENSIONS = YES;
				CLANG_ANALYZER_NONNULL = YES;
				CLANG_ANALYZER_NUMBER_OBJECT_CONVERSION = YES_AGGRESSIVE;
				CLANG_CXX_LANGUAGE_STANDARD = "gnu++20";
				CLANG_ENABLE_MODULES = YES;
				CLANG_ENABLE_OBJC_ARC = YES;
				CLANG_ENABLE_OBJC_WEAK = YES;
				CLANG_WARN_BLOCK_CAPTURE_AUTORELEASING = YES;
				CLANG_WARN_BOOL_CONVERSION = YES;
				CLANG_WARN_COMMA = YES;
				CLANG_WARN_CONSTANT_CONVERSION = YES;
				CLANG_WARN_DEPRECATED_OBJC_IMPLEMENTATIONS = YES;
				CLANG_WARN_DIRECT_OBJC_ISA_USAGE = YES_ERROR;
				CLANG_WARN_DOCUMENTATION_COMMENTS = YES;
				CLANG_WARN_EMPTY_BODY = YES;
				CLANG_WARN_ENUM_CONVERSION = YES;
				CLANG_WARN_INFINITE_RECURSION = YES;
				CLANG_WARN_INT_CONVERSION = YES;
				CLANG_WARN_NON_LITERAL_NULL_CONVERSION = YES;
				CLANG_WARN_OBJC_IMPLICIT_RETAIN_SELF = YES;
				CLANG_WARN_OBJC_LITERAL_CONVERSION = YES;
				CLANG_WARN_OBJC_ROOT_CLASS = YES_ERROR;
				CLANG_WARN_QUOTED_INCLUDE_IN_FRAMEWORK_HEADER = YES;
				CLANG_WARN_RANGE_LOOP_ANALYSIS = YES;
				CLANG_WARN_STRICT_PROTOTYPES = YES;
				CLANG_WARN_SUSPICIOUS_MOVE = YES;
				CLANG_WARN_UNGUARDED_AVAILABILITY = YES_AGGRESSIVE;
				CLANG_WARN_UNREACHABLE_CODE = YES;
				CLANG_WARN__DUPLICATE_METHOD_MATCH = YES;
				COPY_PHASE_STRIP = NO;
				DEBUG_INFORMATION_FORMAT = "dwarf-with-dsym";
				ENABLE_NS_ASSERTIONS = NO;
				ENABLE_STRICT_OBJC_MSGSEND = YES;
				ENABLE_USER_SCRIPT_SANDBOXING = YES;
				GCC_C_LANGUAGE_STANDARD = gnu17;
				GCC_NO_COMMON_BLOCKS = YES;
				GCC_WARN_64_TO_32_BIT_CONVERSION = YES;
				GCC_WARN_ABOUT_RETURN_TYPE = YES_ERROR;
				GCC_WARN_UNDECLARED_SELECTOR = YES;
				GCC_WARN_UNINITIALIZED_AUTOS = YES_AGGRESSIVE;
				GCC_WARN_UNUSED_FUNCTION = YES;
				GCC_WARN_UNUSED_VARIABLE = YES;
				IPHONEOS_DEPLOYMENT_TARGET = 17.5;
				LOCALIZATION_PREFERS_STRING_CATALOGS = YES;
				MTL_ENABLE_DEBUG_INFO = NO;
				MTL_FAST_MATH = YES;
				SDKROOT = iphoneos;
				SWIFT_COMPILATION_MODE = wholemodule;
				VALIDATE_PRODUCT = YES;
			};
			name = Release;
		};
		59CA7D472E5601F800021AF8 /* Debug */ = {
			isa = XCBuildConfiguration;
			buildSettings = {
				ASSETCATALOG_COMPILER_APPICON_NAME = AppIcon;
				ASSETCATALOG_COMPILER_GLOBAL_ACCENT_COLOR_NAME = AccentColor;
				CODE_SIGN_STYLE = Automatic;
				CURRENT_PROJECT_VERSION = 1;
				DEVELOPMENT_TEAM = "";
				GENERATE_INFOPLIST_FILE = YES;
				INFOPLIST_FILE = ToDoList/Info.plist;
				INFOPLIST_KEY_UIApplicationSupportsIndirectInputEvents = YES;
				INFOPLIST_KEY_UILaunchStoryboardName = LaunchScreen;
				INFOPLIST_KEY_UIMainStoryboardFile = Main;
				INFOPLIST_KEY_UISupportedInterfaceOrientations_iPad = "UIInterfaceOrientationPortrait UIInterfaceOrientationPortraitUpsideDown UIInterfaceOrientationLandscapeLeft UIInterfaceOrientationLandscapeRight";
				INFOPLIST_KEY_UISupportedInterfaceOrientations_iPhone = "UIInterfaceOrientationPortrait UIInterfaceOrientationLandscapeLeft UIInterfaceOrientationLandscapeRight";
				LD_RUNPATH_SEARCH_PATHS = (
					"$(inherited)",
					"@executable_path/Frameworks",
				);
				MARKETING_VERSION = 1.0;
				PRODUCT_NAME = "$(TARGET_NAME)";
				SUPPORTED_PLATFORMS = "iphoneos iphonesimulator";
				SUPPORTS_MACCATALYST = NO;
				SUPPORTS_XR_DESIGNED_FOR_IPHONE_IPAD = NO;
				SWIFT_EMIT_LOC_STRINGS = YES;
				SWIFT_VERSION = 5.0;
				TARGETED_DEVICE_FAMILY = "1,2";
			};
			name = Debug;
		};
		59CA7D482E5601F800021AF8 /* Release */ = {
			isa = XCBuildConfiguration;
			buildSettings = {
				ASSETCATALOG_COMPILER_APPICON_NAME = AppIcon;
				ASSETCATALOG_COMPILER_GLOBAL_ACCENT_COLOR_NAME = AccentColor;
				CODE_SIGN_STYLE = Automatic;
				CURRENT_PROJECT_VERSION = 1;
				DEVELOPMENT_TEAM = "";
				GENERATE_INFOPLIST_FILE = YES;
				INFOPLIST_FILE = ToDoList/Info.plist;
				INFOPLIST_KEY_UIApplicationSupportsIndirectInputEvents = YES;
				INFOPLIST_KEY_UILaunchStoryboardName = LaunchScreen;
				INFOPLIST_KEY_UIMainStoryboardFile = Main;
				INFOPLIST_KEY_UISupportedInterfaceOrientations_iPad = "UIInterfaceOrientationPortrait UIInterfaceOrientationPortraitUpsideDown UIInterfaceOrientationLandscapeLeft UIInterfaceOrientationLandscapeRight";
				INFOPLIST_KEY_UISupportedInterfaceOrientations_iPhone = "UIInterfaceOrientationPortrait UIInterfaceOrientationLandscapeLeft UIInterfaceOrientationLandscapeRight";
				LD_RUNPATH_SEARCH_PATHS = (
					"$(inherited)",
					"@executable_path/Frameworks",
				);
				MARKETING_VERSION = 1.0;
				PRODUCT_NAME = "$(TARGET_NAME)";
				SUPPORTED_PLATFORMS = "iphoneos iphonesimulator";
				SUPPORTS_MACCATALYST = NO;
				SUPPORTS_XR_DESIGNED_FOR_IPHONE_IPAD = NO;
				SWIFT_EMIT_LOC_STRINGS = YES;
				SWIFT_VERSION = 5.0;
				TARGETED_DEVICE_FAMILY = "1,2";
			};
			name = Release;
		};
		59CA7D4A2E5601F800021AF8 /* Debug */ = {
			isa = XCBuildConfiguration;
			buildSettings = {
				ALWAYS_EMBED_SWIFT_STANDARD_LIBRARIES = YES;
				BUNDLE_LOADER = "$(TEST_HOST)";
				CODE_SIGN_STYLE = Automatic;
				CURRENT_PROJECT_VERSION = 1;
				GENERATE_INFOPLIST_FILE = YES;
				IPHONEOS_DEPLOYMENT_TARGET = 17.5;
				MARKETING_VERSION = 1.0;
				PRODUCT_BUNDLE_IDENTIFIER = com.zuev.recorder.ToDoListTests;
				PRODUCT_NAME = "$(TARGET_NAME)";
				SWIFT_EMIT_LOC_STRINGS = NO;
				SWIFT_VERSION = 5.0;
				TARGETED_DEVICE_FAMILY = "1,2";
				TEST_HOST = "$(BUILT_PRODUCTS_DIR)/ToDoList.app/$(BUNDLE_EXECUTABLE_FOLDER_PATH)/ToDoList";
			};
			name = Debug;
		};
		59CA7D4B2E5601F800021AF8 /* Release */ = {
			isa = XCBuildConfiguration;
			buildSettings = {
				ALWAYS_EMBED_SWIFT_STANDARD_LIBRARIES = YES;
				BUNDLE_LOADER = "$(TEST_HOST)";
				CODE_SIGN_STYLE = Automatic;
				CURRENT_PROJECT_VERSION = 1;
				GENERATE_INFOPLIST_FILE = YES;
				IPHONEOS_DEPLOYMENT_TARGET = 17.5;
				MARKETING_VERSION = 1.0;
				PRODUCT_BUNDLE_IDENTIFIER = com.zuev.recorder.ToDoListTests;
				PRODUCT_NAME = "$(TARGET_NAME)";
				SWIFT_EMIT_LOC_STRINGS = NO;
				SWIFT_VERSION = 5.0;
				TARGETED_DEVICE_FAMILY = "1,2";
				TEST_HOST = "$(BUILT_PRODUCTS_DIR)/ToDoList.app/$(BUNDLE_EXECUTABLE_FOLDER_PATH)/ToDoList";
			};
			name = Release;
		};
/* End XCBuildConfiguration section */

/* Begin XCConfigurationList section */
		59CA7D142E5601F500021AF8 /* Build configuration list for PBXProject "ToDoList" */ = {
			isa = XCConfigurationList;
			buildConfigurations = (
				59CA7D442E5601F800021AF8 /* Debug */,
				59CA7D452E5601F800021AF8 /* Release */,
			);
			defaultConfigurationIsVisible = 0;
			defaultConfigurationName = Release;
		};
		59CA7D462E5601F800021AF8 /* Build configuration list for PBXNativeTarget "ToDoList" */ = {
			isa = XCConfigurationList;
			buildConfigurations = (
				59CA7D472E5601F800021AF8 /* Debug */,
				59CA7D482E5601F800021AF8 /* Release */,
			);
			defaultConfigurationIsVisible = 0;
			defaultConfigurationName = Release;
		};
		59CA7D492E5601F800021AF8 /* Build configuration list for PBXNativeTarget "ToDoListTests" */ = {
			isa = XCConfigurationList;
			buildConfigurations = (
				59CA7D4A2E5601F800021AF8 /* Debug */,
				59CA7D4B2E5601F800021AF8 /* Release */,
			);
			defaultConfigurationIsVisible = 0;
			defaultConfigurationName = Release;
		};
/* End XCConfigurationList section */

/* Begin XCVersionGroup section */
		59CA7D252E5601F500021AF8 /* ToDoList.xcdatamodeld */ = {
			isa = XCVersionGroup;
			children = (
				59CA7D262E5601F500021AF8 /* ToDoList.xcdatamodel */,
			);
			currentVersion = 59CA7D262E5601F500021AF8 /* ToDoList.xcdatamodel */;
			path = ToDoList.xcdatamodeld;
			sourceTree = "<group>";
			versionGroupType = wrapper.xcdatamodel;
		};
/* End XCVersionGroup section */
	};
	rootObject = 59CA7D112E5601F500021AF8 /* Project object */;
}
